
Microsoft Visual Studio Solution File, Format Version 12.00
# Visual Studio 15
VisualStudioVersion = 15.0.28010.2050
MinimumVisualStudioVersion = 10.0.40219.1
Project("{FAE04EC0-301F-11D3-BF4B-00C04F79EFBC}") = "Wordle", "Wordle\Wordle.csproj", "{B4483835-CAB3-4769-98F6-EB7CD5CE7D7F}"
EndProject
Global
	GlobalSection(SolutionConfigurationPlatforms) = preSolution
		Debug|Any CPU = Debug|Any CPU
		Release|Any CPU = Release|Any CPU
	EndGlobalSection
	GlobalSection(ProjectConfigurationPlatforms) = postSolution
		{B4483835-CAB3-4769-98F6-EB7CD5CE7D7F}.Debug|Any CPU.ActiveCfg = Debug|Any CPU
		{B4483835-CAB3-4769-98F6-EB7CD5CE7D7F}.Debug|Any CPU.Build.0 = Debug|Any CPU
		{B4483835-CAB3-4769-98F6-EB7CD5CE7D7F}.Release|Any CPU.ActiveCfg = Release|Any CPU
		{B4483835-CAB3-4769-98F6-EB7CD5CE7D7F}.Release|Any CPU.Build.0 = Release|Any CPU
	EndGlobalSection
	GlobalSection(SolutionProperties) = preSolution
		HideSolutionNode = FALSE
	EndGlobalSection
	GlobalSection(ExtensibilityGlobals) = postSolution
		SolutionGuid = {ADC348D2-87FE-4A33-984F-891FA93FCF9D}
	EndGlobalSection
EndGlobal
